// !$*UTF8*$!
{
	archiveVersion = 1;
	classes = {
	};
	objectVersion = 46;
	objects = {

/* Begin PBXBuildFile section */
		7494D747183F8A9800B354E5 /* HospitalCell.m in Sources */ = {isa = PBXBuildFile; fileRef = 7494D746183F8A9800B354E5 /* HospitalCell.m */; };
		7494D749183F8AAB00B354E5 /* HospitalCell.xib in Resources */ = {isa = PBXBuildFile; fileRef = 7494D748183F8AAB00B354E5 /* HospitalCell.xib */; };
		74BBF3A7183D9FCF00AB1E3B /* MapaViewController.m in Sources */ = {isa = PBXBuildFile; fileRef = 74BBF3A6183D9FCF00AB1E3B /* MapaViewController.m */; };
		74BBF3A9183D9FD500AB1E3B /* MapaViewController.xib in Resources */ = {isa = PBXBuildFile; fileRef = 74BBF3A8183D9FD500AB1E3B /* MapaViewController.xib */; };
		DBE0969C1840011E00122A53 /* SharedHospitais.m in Sources */ = {isa = PBXBuildFile; fileRef = DBE0969B1840011E00122A53 /* SharedHospitais.m */; };
		DBEBEABE183D5B7B00DE406A /* IndexViewController.m in Sources */ = {isa = PBXBuildFile; fileRef = DBEBEABC183D5B7B00DE406A /* IndexViewController.m */; };
		DBEBEABF183D5B7B00DE406A /* IndexViewController.xib in Resources */ = {isa = PBXBuildFile; fileRef = DBEBEABD183D5B7B00DE406A /* IndexViewController.xib */; };
		DBEBEAD5183E5ECB00DE406A /* MapKit.framework in Frameworks */ = {isa = PBXBuildFile; fileRef = DBEBEAD4183E5ECB00DE406A /* MapKit.framework */; };
		DBEBEAEC183ED7E600DE406A /* HospitaisViewController.m in Sources */ = {isa = PBXBuildFile; fileRef = DBEBEAEA183ED7E600DE406A /* HospitaisViewController.m */; };
		DBEBEAED183ED7E600DE406A /* HospitaisViewController.xib in Resources */ = {isa = PBXBuildFile; fileRef = DBEBEAEB183ED7E600DE406A /* HospitaisViewController.xib */; };
		DBEBEAF0183F804C00DE406A /* Hospital.m in Sources */ = {isa = PBXBuildFile; fileRef = DBEBEAEF183F804C00DE406A /* Hospital.m */; };
		EB32A359183955240010E1D5 /* Foundation.framework in Frameworks */ = {isa = PBXBuildFile; fileRef = EB32A358183955240010E1D5 /* Foundation.framework */; };
		EB32A35B183955240010E1D5 /* CoreGraphics.framework in Frameworks */ = {isa = PBXBuildFile; fileRef = EB32A35A183955240010E1D5 /* CoreGraphics.framework */; };
		EB32A35D183955240010E1D5 /* UIKit.framework in Frameworks */ = {isa = PBXBuildFile; fileRef = EB32A35C183955240010E1D5 /* UIKit.framework */; };
		EB32A363183955240010E1D5 /* InfoPlist.strings in Resources */ = {isa = PBXBuildFile; fileRef = EB32A361183955240010E1D5 /* InfoPlist.strings */; };
		EB32A365183955240010E1D5 /* main.m in Sources */ = {isa = PBXBuildFile; fileRef = EB32A364183955240010E1D5 /* main.m */; };
		EB32A369183955240010E1D5 /* AppDelegate.m in Sources */ = {isa = PBXBuildFile; fileRef = EB32A368183955240010E1D5 /* AppDelegate.m */; };
		EB32A36B183955240010E1D5 /* Images.xcassets in Resources */ = {isa = PBXBuildFile; fileRef = EB32A36A183955240010E1D5 /* Images.xcassets */; };
		EB32A372183955240010E1D5 /* XCTest.framework in Frameworks */ = {isa = PBXBuildFile; fileRef = EB32A371183955240010E1D5 /* XCTest.framework */; };
		EB32A373183955240010E1D5 /* Foundation.framework in Frameworks */ = {isa = PBXBuildFile; fileRef = EB32A358183955240010E1D5 /* Foundation.framework */; };
		EB32A374183955240010E1D5 /* UIKit.framework in Frameworks */ = {isa = PBXBuildFile; fileRef = EB32A35C183955240010E1D5 /* UIKit.framework */; };
		EB32A37C183955240010E1D5 /* InfoPlist.strings in Resources */ = {isa = PBXBuildFile; fileRef = EB32A37A183955240010E1D5 /* InfoPlist.strings */; };
		EB32A37E183955240010E1D5 /* MedMOBTests.m in Sources */ = {isa = PBXBuildFile; fileRef = EB32A37D183955240010E1D5 /* MedMOBTests.m */; };
/* End PBXBuildFile section */

/* Begin PBXContainerItemProxy section */
		EB32A375183955240010E1D5 /* PBXContainerItemProxy */ = {
			isa = PBXContainerItemProxy;
			containerPortal = EB32A34D183955240010E1D5 /* Project object */;
			proxyType = 1;
			remoteGlobalIDString = EB32A354183955240010E1D5;
			remoteInfo = MedMOB;
		};
/* End PBXContainerItemProxy section */

/* Begin PBXFileReference section */
		7494D745183F8A9800B354E5 /* HospitalCell.h */ = {isa = PBXFileReference; fileEncoding = 4; lastKnownFileType = sourcecode.c.h; path = HospitalCell.h; sourceTree = "<group>"; };
		7494D746183F8A9800B354E5 /* HospitalCell.m */ = {isa = PBXFileReference; fileEncoding = 4; lastKnownFileType = sourcecode.c.objc; path = HospitalCell.m; sourceTree = "<group>"; };
		7494D748183F8AAB00B354E5 /* HospitalCell.xib */ = {isa = PBXFileReference; fileEncoding = 4; lastKnownFileType = file.xib; path = HospitalCell.xib; sourceTree = "<group>"; };
		74BBF3A5183D9FCF00AB1E3B /* MapaViewController.h */ = {isa = PBXFileReference; fileEncoding = 4; lastKnownFileType = sourcecode.c.h; path = MapaViewController.h; sourceTree = "<group>"; };
		74BBF3A6183D9FCF00AB1E3B /* MapaViewController.m */ = {isa = PBXFileReference; fileEncoding = 4; lastKnownFileType = sourcecode.c.objc; path = MapaViewController.m; sourceTree = "<group>"; };
		74BBF3A8183D9FD500AB1E3B /* MapaViewController.xib */ = {isa = PBXFileReference; fileEncoding = 4; lastKnownFileType = file.xib; path = MapaViewController.xib; sourceTree = "<group>"; };
		DBE0969A1840011E00122A53 /* SharedHospitais.h */ = {isa = PBXFileReference; fileEncoding = 4; lastKnownFileType = sourcecode.c.h; path = SharedHospitais.h; sourceTree = "<group>"; };
		DBE0969B1840011E00122A53 /* SharedHospitais.m */ = {isa = PBXFileReference; fileEncoding = 4; lastKnownFileType = sourcecode.c.objc; path = SharedHospitais.m; sourceTree = "<group>"; };
		DBEBEABB183D5B7B00DE406A /* IndexViewController.h */ = {isa = PBXFileReference; fileEncoding = 4; lastKnownFileType = sourcecode.c.h; path = IndexViewController.h; sourceTree = "<group>"; };
		DBEBEABC183D5B7B00DE406A /* IndexViewController.m */ = {isa = PBXFileReference; fileEncoding = 4; lastKnownFileType = sourcecode.c.objc; path = IndexViewController.m; sourceTree = "<group>"; };
		DBEBEABD183D5B7B00DE406A /* IndexViewController.xib */ = {isa = PBXFileReference; fileEncoding = 4; lastKnownFileType = file.xib; path = IndexViewController.xib; sourceTree = "<group>"; };
		DBEBEAD4183E5ECB00DE406A /* MapKit.framework */ = {isa = PBXFileReference; lastKnownFileType = wrapper.framework; name = MapKit.framework; path = System/Library/Frameworks/MapKit.framework; sourceTree = SDKROOT; };
		DBEBEAE9183ED7E600DE406A /* HospitaisViewController.h */ = {isa = PBXFileReference; fileEncoding = 4; lastKnownFileType = sourcecode.c.h; path = HospitaisViewController.h; sourceTree = "<group>"; };
		DBEBEAEA183ED7E600DE406A /* HospitaisViewController.m */ = {isa = PBXFileReference; fileEncoding = 4; lastKnownFileType = sourcecode.c.objc; path = HospitaisViewController.m; sourceTree = "<group>"; };
		DBEBEAEB183ED7E600DE406A /* HospitaisViewController.xib */ = {isa = PBXFileReference; fileEncoding = 4; lastKnownFileType = file.xib; path = HospitaisViewController.xib; sourceTree = "<group>"; };
		DBEBEAEE183F804C00DE406A /* Hospital.h */ = {isa = PBXFileReference; fileEncoding = 4; lastKnownFileType = sourcecode.c.h; path = Hospital.h; sourceTree = "<group>"; };
		DBEBEAEF183F804C00DE406A /* Hospital.m */ = {isa = PBXFileReference; fileEncoding = 4; lastKnownFileType = sourcecode.c.objc; path = Hospital.m; sourceTree = "<group>"; };
		EB32A355183955240010E1D5 /* MedMOB.app */ = {isa = PBXFileReference; explicitFileType = wrapper.application; includeInIndex = 0; path = MedMOB.app; sourceTree = BUILT_PRODUCTS_DIR; };
		EB32A358183955240010E1D5 /* Foundation.framework */ = {isa = PBXFileReference; lastKnownFileType = wrapper.framework; name = Foundation.framework; path = System/Library/Frameworks/Foundation.framework; sourceTree = SDKROOT; };
		EB32A35A183955240010E1D5 /* CoreGraphics.framework */ = {isa = PBXFileReference; lastKnownFileType = wrapper.framework; name = CoreGraphics.framework; path = System/Library/Frameworks/CoreGraphics.framework; sourceTree = SDKROOT; };
		EB32A35C183955240010E1D5 /* UIKit.framework */ = {isa = PBXFileReference; lastKnownFileType = wrapper.framework; name = UIKit.framework; path = System/Library/Frameworks/UIKit.framework; sourceTree = SDKROOT; };
		EB32A360183955240010E1D5 /* MedMOB-Info.plist */ = {isa = PBXFileReference; lastKnownFileType = text.plist.xml; path = "MedMOB-Info.plist"; sourceTree = "<group>"; };
		EB32A362183955240010E1D5 /* en */ = {isa = PBXFileReference; lastKnownFileType = text.plist.strings; name = en; path = en.lproj/InfoPlist.strings; sourceTree = "<group>"; };
		EB32A364183955240010E1D5 /* main.m */ = {isa = PBXFileReference; lastKnownFileType = sourcecode.c.objc; path = main.m; sourceTree = "<group>"; };
		EB32A366183955240010E1D5 /* MedMOB-Prefix.pch */ = {isa = PBXFileReference; lastKnownFileType = sourcecode.c.h; path = "MedMOB-Prefix.pch"; sourceTree = "<group>"; };
		EB32A367183955240010E1D5 /* AppDelegate.h */ = {isa = PBXFileReference; lastKnownFileType = sourcecode.c.h; path = AppDelegate.h; sourceTree = "<group>"; };
		EB32A368183955240010E1D5 /* AppDelegate.m */ = {isa = PBXFileReference; lastKnownFileType = sourcecode.c.objc; path = AppDelegate.m; sourceTree = "<group>"; };
		EB32A36A183955240010E1D5 /* Images.xcassets */ = {isa = PBXFileReference; lastKnownFileType = folder.assetcatalog; path = Images.xcassets; sourceTree = "<group>"; };
		EB32A370183955240010E1D5 /* MedMOBTests.xctest */ = {isa = PBXFileReference; explicitFileType = wrapper.cfbundle; includeInIndex = 0; path = MedMOBTests.xctest; sourceTree = BUILT_PRODUCTS_DIR; };
		EB32A371183955240010E1D5 /* XCTest.framework */ = {isa = PBXFileReference; lastKnownFileType = wrapper.framework; name = XCTest.framework; path = Library/Frameworks/XCTest.framework; sourceTree = DEVELOPER_DIR; };
		EB32A379183955240010E1D5 /* MedMOBTests-Info.plist */ = {isa = PBXFileReference; lastKnownFileType = text.plist.xml; path = "MedMOBTests-Info.plist"; sourceTree = "<group>"; };
		EB32A37B183955240010E1D5 /* en */ = {isa = PBXFileReference; lastKnownFileType = text.plist.strings; name = en; path = en.lproj/InfoPlist.strings; sourceTree = "<group>"; };
		EB32A37D183955240010E1D5 /* MedMOBTests.m */ = {isa = PBXFileReference; lastKnownFileType = sourcecode.c.objc; path = MedMOBTests.m; sourceTree = "<group>"; };
/* End PBXFileReference section */

/* Begin PBXFrameworksBuildPhase section */
		EB32A352183955240010E1D5 /* Frameworks */ = {
			isa = PBXFrameworksBuildPhase;
			buildActionMask = 2147483647;
			files = (
				EB32A35B183955240010E1D5 /* CoreGraphics.framework in Frameworks */,
				EB32A35D183955240010E1D5 /* UIKit.framework in Frameworks */,
				DBEBEAD5183E5ECB00DE406A /* MapKit.framework in Frameworks */,
				EB32A359183955240010E1D5 /* Foundation.framework in Frameworks */,
			);
			runOnlyForDeploymentPostprocessing = 0;
		};
		EB32A36D183955240010E1D5 /* Frameworks */ = {
			isa = PBXFrameworksBuildPhase;
			buildActionMask = 2147483647;
			files = (
				EB32A372183955240010E1D5 /* XCTest.framework in Frameworks */,
				EB32A374183955240010E1D5 /* UIKit.framework in Frameworks */,
				EB32A373183955240010E1D5 /* Foundation.framework in Frameworks */,
			);
			runOnlyForDeploymentPostprocessing = 0;
		};
/* End PBXFrameworksBuildPhase section */

/* Begin PBXGroup section */
		EB32A34C183955240010E1D5 = {
			isa = PBXGroup;
			children = (
				EB32A35E183955240010E1D5 /* MedMOB */,
				EB32A377183955240010E1D5 /* MedMOBTests */,
				EB32A357183955240010E1D5 /* Frameworks */,
				EB32A356183955240010E1D5 /* Products */,
			);
			sourceTree = "<group>";
		};
		EB32A356183955240010E1D5 /* Products */ = {
			isa = PBXGroup;
			children = (
				EB32A355183955240010E1D5 /* MedMOB.app */,
				EB32A370183955240010E1D5 /* MedMOBTests.xctest */,
			);
			name = Products;
			sourceTree = "<group>";
		};
		EB32A357183955240010E1D5 /* Frameworks */ = {
			isa = PBXGroup;
			children = (
				DBEBEAD4183E5ECB00DE406A /* MapKit.framework */,
				EB32A358183955240010E1D5 /* Foundation.framework */,
				EB32A35A183955240010E1D5 /* CoreGraphics.framework */,
				EB32A35C183955240010E1D5 /* UIKit.framework */,
				EB32A371183955240010E1D5 /* XCTest.framework */,
			);
			name = Frameworks;
			sourceTree = "<group>";
		};
		EB32A35E183955240010E1D5 /* MedMOB */ = {
			isa = PBXGroup;
			children = (
				EB7DA2EA1839562A00B45B23 /* Controller */,
				EB7DA2E91839562400B45B23 /* View */,
				EB7DA2E81839562000B45B23 /* Model */,
				EB32A367183955240010E1D5 /* AppDelegate.h */,
				EB32A368183955240010E1D5 /* AppDelegate.m */,
				EB32A36A183955240010E1D5 /* Images.xcassets */,
				EB32A35F183955240010E1D5 /* Supporting Files */,
			);
			path = MedMOB;
			sourceTree = "<group>";
		};
		EB32A35F183955240010E1D5 /* Supporting Files */ = {
			isa = PBXGroup;
			children = (
				EB32A360183955240010E1D5 /* MedMOB-Info.plist */,
				EB32A361183955240010E1D5 /* InfoPlist.strings */,
				EB32A364183955240010E1D5 /* main.m */,
				EB32A366183955240010E1D5 /* MedMOB-Prefix.pch */,
			);
			name = "Supporting Files";
			sourceTree = "<group>";
		};
		EB32A377183955240010E1D5 /* MedMOBTests */ = {
			isa = PBXGroup;
			children = (
				EB32A37D183955240010E1D5 /* MedMOBTests.m */,
				EB32A378183955240010E1D5 /* Supporting Files */,
			);
			path = MedMOBTests;
			sourceTree = "<group>";
		};
		EB32A378183955240010E1D5 /* Supporting Files */ = {
			isa = PBXGroup;
			children = (
				EB32A379183955240010E1D5 /* MedMOBTests-Info.plist */,
				EB32A37A183955240010E1D5 /* InfoPlist.strings */,
			);
			name = "Supporting Files";
			sourceTree = "<group>";
		};
		EB7DA2E81839562000B45B23 /* Model */ = {
			isa = PBXGroup;
			children = (
				DBEBEAEE183F804C00DE406A /* Hospital.h */,
				DBEBEAEF183F804C00DE406A /* Hospital.m */,
			);
			name = Model;
			sourceTree = "<group>";
		};
		EB7DA2E91839562400B45B23 /* View */ = {
			isa = PBXGroup;
			children = (
				DBEBEAEB183ED7E600DE406A /* HospitaisViewController.xib */,
				74BBF3A8183D9FD500AB1E3B /* MapaViewController.xib */,
				DBEBEABD183D5B7B00DE406A /* IndexViewController.xib */,
				7494D748183F8AAB00B354E5 /* HospitalCell.xib */,
			);
			name = View;
			sourceTree = "<group>";
		};
		EB7DA2EA1839562A00B45B23 /* Controller */ = {
			isa = PBXGroup;
			children = (
				74BBF3A5183D9FCF00AB1E3B /* MapaViewController.h */,
				74BBF3A6183D9FCF00AB1E3B /* MapaViewController.m */,
				DBEBEABB183D5B7B00DE406A /* IndexViewController.h */,
				DBEBEABC183D5B7B00DE406A /* IndexViewController.m */,
				DBEBEAE9183ED7E600DE406A /* HospitaisViewController.h */,
				DBEBEAEA183ED7E600DE406A /* HospitaisViewController.m */,
				7494D745183F8A9800B354E5 /* HospitalCell.h */,
				7494D746183F8A9800B354E5 /* HospitalCell.m */,
				DBE0969A1840011E00122A53 /* SharedHospitais.h */,
				DBE0969B1840011E00122A53 /* SharedHospitais.m */,
			);
			name = Controller;
			sourceTree = "<group>";
		};
/* End PBXGroup section */

/* Begin PBXNativeTarget section */
		EB32A354183955240010E1D5 /* MedMOB */ = {
			isa = PBXNativeTarget;
			buildConfigurationList = EB32A381183955240010E1D5 /* Build configuration list for PBXNativeTarget "MedMOB" */;
			buildPhases = (
				EB32A351183955240010E1D5 /* Sources */,
				EB32A352183955240010E1D5 /* Frameworks */,
				EB32A353183955240010E1D5 /* Resources */,
			);
			buildRules = (
			);
			dependencies = (
			);
			name = MedMOB;
			productName = MedMOB;
			productReference = EB32A355183955240010E1D5 /* MedMOB.app */;
			productType = "com.apple.product-type.application";
		};
		EB32A36F183955240010E1D5 /* MedMOBTests */ = {
			isa = PBXNativeTarget;
			buildConfigurationList = EB32A384183955240010E1D5 /* Build configuration list for PBXNativeTarget "MedMOBTests" */;
			buildPhases = (
				EB32A36C183955240010E1D5 /* Sources */,
				EB32A36D183955240010E1D5 /* Frameworks */,
				EB32A36E183955240010E1D5 /* Resources */,
			);
			buildRules = (
			);
			dependencies = (
				EB32A376183955240010E1D5 /* PBXTargetDependency */,
			);
			name = MedMOBTests;
			productName = MedMOBTests;
			productReference = EB32A370183955240010E1D5 /* MedMOBTests.xctest */;
			productType = "com.apple.product-type.bundle.unit-test";
		};
/* End PBXNativeTarget section */

/* Begin PBXProject section */
		EB32A34D183955240010E1D5 /* Project object */ = {
			isa = PBXProject;
			attributes = {
				LastUpgradeCheck = 0500;
				ORGANIZATIONNAME = "Murilo Campaner";
				TargetAttributes = {
					EB32A354183955240010E1D5 = {
						SystemCapabilities = {
							com.apple.iOS = {
								enabled = 1;
							};
						};
					};
					EB32A36F183955240010E1D5 = {
						TestTargetID = EB32A354183955240010E1D5;
					};
				};
			};
			buildConfigurationList = EB32A350183955240010E1D5 /* Build configuration list for PBXProject "MedMOB" */;
			compatibilityVersion = "Xcode 3.2";
			developmentRegion = English;
			hasScannedForEncodings = 0;
			knownRegions = (
				en,
			);
			mainGroup = EB32A34C183955240010E1D5;
			productRefGroup = EB32A356183955240010E1D5 /* Products */;
			projectDirPath = "";
			projectRoot = "";
			targets = (
				EB32A354183955240010E1D5 /* MedMOB */,
				EB32A36F183955240010E1D5 /* MedMOBTests */,
			);
		};
/* End PBXProject section */

/* Begin PBXResourcesBuildPhase section */
		EB32A353183955240010E1D5 /* Resources */ = {
			isa = PBXResourcesBuildPhase;
			buildActionMask = 2147483647;
			files = (
				74BBF3A9183D9FD500AB1E3B /* MapaViewController.xib in Resources */,
				DBEBEABF183D5B7B00DE406A /* IndexViewController.xib in Resources */,
				EB32A363183955240010E1D5 /* InfoPlist.strings in Resources */,
				DBEBEAED183ED7E600DE406A /* HospitaisViewController.xib in Resources */,
				EB32A36B183955240010E1D5 /* Images.xcassets in Resources */,
				7494D749183F8AAB00B354E5 /* HospitalCell.xib in Resources */,
			);
			runOnlyForDeploymentPostprocessing = 0;
		};
		EB32A36E183955240010E1D5 /* Resources */ = {
			isa = PBXResourcesBuildPhase;
			buildActionMask = 2147483647;
			files = (
				EB32A37C183955240010E1D5 /* InfoPlist.strings in Resources */,
			);
			runOnlyForDeploymentPostprocessing = 0;
		};
/* End PBXResourcesBuildPhase section */

/* Begin PBXSourcesBuildPhase section */
		EB32A351183955240010E1D5 /* Sources */ = {
			isa = PBXSourcesBuildPhase;
			buildActionMask = 2147483647;
			files = (
				EB32A369183955240010E1D5 /* AppDelegate.m in Sources */,
				EB32A365183955240010E1D5 /* main.m in Sources */,
				DBEBEAF0183F804C00DE406A /* Hospital.m in Sources */,
				7494D747183F8A9800B354E5 /* HospitalCell.m in Sources */,
				DBEBEABE183D5B7B00DE406A /* IndexViewController.m in Sources */,
				74BBF3A7183D9FCF00AB1E3B /* MapaViewController.m in Sources */,
				DBEBEAEC183ED7E600DE406A /* HospitaisViewController.m in Sources */,
				DBE0969C1840011E00122A53 /* SharedHospitais.m in Sources */,
			);
			runOnlyForDeploymentPostprocessing = 0;
		};
		EB32A36C183955240010E1D5 /* Sources */ = {
			isa = PBXSourcesBuildPhase;
			buildActionMask = 2147483647;
			files = (
				EB32A37E183955240010E1D5 /* MedMOBTests.m in Sources */,
			);
			runOnlyForDeploymentPostprocessing = 0;
		};
/* End PBXSourcesBuildPhase section */

/* Begin PBXTargetDependency section */
		EB32A376183955240010E1D5 /* PBXTargetDependency */ = {
			isa = PBXTargetDependency;
			target = EB32A354183955240010E1D5 /* MedMOB */;
			targetProxy = EB32A375183955240010E1D5 /* PBXContainerItemProxy */;
		};
/* End PBXTargetDependency section */

/* Begin PBXVariantGroup section */
		EB32A361183955240010E1D5 /* InfoPlist.strings */ = {
			isa = PBXVariantGroup;
			children = (
				EB32A362183955240010E1D5 /* en */,
			);
			name = InfoPlist.strings;
			sourceTree = "<group>";
		};
		EB32A37A183955240010E1D5 /* InfoPlist.strings */ = {
			isa = PBXVariantGroup;
			children = (
				EB32A37B183955240010E1D5 /* en */,
			);
			name = InfoPlist.strings;
			sourceTree = "<group>";
		};
/* End PBXVariantGroup section */

/* Begin XCBuildConfiguration section */
		EB32A37F183955240010E1D5 /* Debug */ = {
			isa = XCBuildConfiguration;
			buildSettings = {
				ALWAYS_SEARCH_USER_PATHS = NO;
				ARCHS = "$(ARCHS_STANDARD_INCLUDING_64_BIT)";
				CLANG_CXX_LANGUAGE_STANDARD = "gnu++0x";
				CLANG_CXX_LIBRARY = "libc++";
				CLANG_ENABLE_MODULES = YES;
				CLANG_ENABLE_OBJC_ARC = YES;
				CLANG_WARN_BOOL_CONVERSION = YES;
				CLANG_WARN_CONSTANT_CONVERSION = YES;
				CLANG_WARN_DIRECT_OBJC_ISA_USAGE = YES_ERROR;
				CLANG_WARN_EMPTY_BODY = YES;
				CLANG_WARN_ENUM_CONVERSION = YES;
				CLANG_WARN_INT_CONVERSION = YES;
				CLANG_WARN_OBJC_ROOT_CLASS = YES_ERROR;
				CLANG_WARN__DUPLICATE_METHOD_MATCH = YES;
				"CODE_SIGN_IDENTITY[sdk=iphoneos*]" = "iPhone Developer";
				COPY_PHASE_STRIP = NO;
				GCC_C_LANGUAGE_STANDARD = gnu99;
				GCC_DYNAMIC_NO_PIC = NO;
				GCC_OPTIMIZATION_LEVEL = 0;
				GCC_PREPROCESSOR_DEFINITIONS = (
					"DEBUG=1",
					"$(inherited)",
				);
				GCC_SYMBOLS_PRIVATE_EXTERN = NO;
				GCC_WARN_64_TO_32_BIT_CONVERSION = YES;
				GCC_WARN_ABOUT_RETURN_TYPE = YES_ERROR;
				GCC_WARN_UNDECLARED_SELECTOR = YES;
				GCC_WARN_UNINITIALIZED_AUTOS = YES;
				GCC_WARN_UNUSED_FUNCTION = YES;
				GCC_WARN_UNUSED_VARIABLE = YES;
				IPHONEOS_DEPLOYMENT_TARGET = 7.0;
				ONLY_ACTIVE_ARCH = YES;
				SDKROOT = iphoneos;
			};
			name = Debug;
		};
		EB32A380183955240010E1D5 /* Release */ = {
			isa = XCBuildConfiguration;
			buildSettings = {
				ALWAYS_SEARCH_USER_PATHS = NO;
				ARCHS = "$(ARCHS_STANDARD_INCLUDING_64_BIT)";
				CLANG_CXX_LANGUAGE_STANDARD = "gnu++0x";
				CLANG_CXX_LIBRARY = "libc++";
				CLANG_ENABLE_MODULES = YES;
				CLANG_ENABLE_OBJC_ARC = YES;
				CLANG_WARN_BOOL_CONVERSION = YES;
				CLANG_WARN_CONSTANT_CONVERSION = YES;
				CLANG_WARN_DIRECT_OBJC_ISA_USAGE = YES_ERROR;
				CLANG_WARN_EMPTY_BODY = YES;
				CLANG_WARN_ENUM_CONVERSION = YES;
				CLANG_WARN_INT_CONVERSION = YES;
				CLANG_WARN_OBJC_ROOT_CLASS = YES_ERROR;
				CLANG_WARN__DUPLICATE_METHOD_MATCH = YES;
				"CODE_SIGN_IDENTITY[sdk=iphoneos*]" = "iPhone Developer";
				COPY_PHASE_STRIP = YES;
				ENABLE_NS_ASSERTIONS = NO;
				GCC_C_LANGUAGE_STANDARD = gnu99;
				GCC_WARN_64_TO_32_BIT_CONVERSION = YES;
				GCC_WARN_ABOUT_RETURN_TYPE = YES_ERROR;
				GCC_WARN_UNDECLARED_SELECTOR = YES;
				GCC_WARN_UNINITIALIZED_AUTOS = YES;
				GCC_WARN_UNUSED_FUNCTION = YES;
				GCC_WARN_UNUSED_VARIABLE = YES;
				IPHONEOS_DEPLOYMENT_TARGET = 7.0;
				SDKROOT = iphoneos;
				VALIDATE_PRODUCT = YES;
			};
			name = Release;
		};
		EB32A382183955240010E1D5 /* Debug */ = {
			isa = XCBuildConfiguration;
			buildSettings = {
				ASSETCATALOG_COMPILER_APPICON_NAME = AppIcon;
				ASSETCATALOG_COMPILER_LAUNCHIMAGE_NAME = LaunchImage;
				GCC_PRECOMPILE_PREFIX_HEADER = YES;
				GCC_PREFIX_HEADER = "MedMOB/MedMOB-Prefix.pch";
				INFOPLIST_FILE = "MedMOB/MedMOB-Info.plist";
				PRODUCT_NAME = "$(TARGET_NAME)";
				WRAPPER_EXTENSION = app;
			};
			name = Debug;
		};
		EB32A383183955240010E1D5 /* Release */ = {
			isa = XCBuildConfiguration;
			buildSettings = {
				ASSETCATALOG_COMPILER_APPICON_NAME = AppIcon;
				ASSETCATALOG_COMPILER_LAUNCHIMAGE_NAME = LaunchImage;
				GCC_PRECOMPILE_PREFIX_HEADER = YES;
				GCC_PREFIX_HEADER = "MedMOB/MedMOB-Prefix.pch";
				INFOPLIST_FILE = "MedMOB/MedMOB-Info.plist";
				PRODUCT_NAME = "$(TARGET_NAME)";
				WRAPPER_EXTENSION = app;
			};
			name = Release;
		};
		EB32A385183955240010E1D5 /* Debug */ = {
			isa = XCBuildConfiguration;
			buildSettings = {
				ARCHS = "$(ARCHS_STANDARD_INCLUDING_64_BIT)";
				BUNDLE_LOADER = "$(BUILT_PRODUCTS_DIR)/MedMOB.app/MedMOB";
				FRAMEWORK_SEARCH_PATHS = (
					"$(SDKROOT)/Developer/Library/Frameworks",
					"$(inherited)",
					"$(DEVELOPER_FRAMEWORKS_DIR)",
				);
				GCC_PRECOMPILE_PREFIX_HEADER = YES;
				GCC_PREFIX_HEADER = "MedMOB/MedMOB-Prefix.pch";
				GCC_PREPROCESSOR_DEFINITIONS = (
					"DEBUG=1",
					"$(inherited)",
				);
				INFOPLIST_FILE = "MedMOBTests/MedMOBTests-Info.plist";
				PRODUCT_NAME = "$(TARGET_NAME)";
				TEST_HOST = "$(BUNDLE_LOADER)";
				WRAPPER_EXTENSION = xctest;
			};
			name = Debug;
		};
		EB32A386183955240010E1D5 /* Release */ = {
			isa = XCBuildConfiguration;
			buildSettings = {
				ARCHS = "$(ARCHS_STANDARD_INCLUDING_64_BIT)";
				BUNDLE_LOADER = "$(BUILT_PRODUCTS_DIR)/MedMOB.app/MedMOB";
				FRAMEWORK_SEARCH_PATHS = (
					"$(SDKROOT)/Developer/Library/Frameworks",
					"$(inherited)",
					"$(DEVELOPER_FRAMEWORKS_DIR)",
				);
				GCC_PRECOMPILE_PREFIX_HEADER = YES;
				GCC_PREFIX_HEADER = "MedMOB/MedMOB-Prefix.pch";
				INFOPLIST_FILE = "MedMOBTests/MedMOBTests-Info.plist";
				PRODUCT_NAME = "$(TARGET_NAME)";
				TEST_HOST = "$(BUNDLE_LOADER)";
				WRAPPER_EXTENSION = xctest;
			};
			name = Release;
		};
/* End XCBuildConfiguration section */

/* Begin XCConfigurationList section */
		EB32A350183955240010E1D5 /* Build configuration list for PBXProject "MedMOB" */ = {
			isa = XCConfigurationList;
			buildConfigurations = (
				EB32A37F183955240010E1D5 /* Debug */,
				EB32A380183955240010E1D5 /* Release */,
			);
			defaultConfigurationIsVisible = 0;
			defaultConfigurationName = Release;
		};
		EB32A381183955240010E1D5 /* Build configuration list for PBXNativeTarget "MedMOB" */ = {
			isa = XCConfigurationList;
			buildConfigurations = (
				EB32A382183955240010E1D5 /* Debug */,
				EB32A383183955240010E1D5 /* Release */,
			);
			defaultConfigurationIsVisible = 0;
			defaultConfigurationName = Release;
		};
		EB32A384183955240010E1D5 /* Build configuration list for PBXNativeTarget "MedMOBTests" */ = {
			isa = XCConfigurationList;
			buildConfigurations = (
				EB32A385183955240010E1D5 /* Debug */,
				EB32A386183955240010E1D5 /* Release */,
			);
			defaultConfigurationIsVisible = 0;
			defaultConfigurationName = Release;
		};
/* End XCConfigurationList section */
	};
	rootObject = EB32A34D183955240010E1D5 /* Project object */;
}
